
Microsoft Visual Studio Solution File, Format Version 12.00
# Visual Studio Version 16
VisualStudioVersion = 16.0.30114.105
MinimumVisualStudioVersion = 10.0.40219.1
Project("{2150E333-8FDC-42A3-9474-1A3956D46DE8}") = "Services", "Services", "{B805254A-EEAB-46D0-802F-005B5ED6A776}"
EndProject
Project("{2150E333-8FDC-42A3-9474-1A3956D46DE8}") = "Catalog", "Catalog", "{FDA4E26E-23F2-4D5E-B403-3954DAD82417}"
EndProject
Project("{FAE04EC0-301F-11D3-BF4B-00C04F79EFBC}") = "Catalog.API", "Services\Catalog\Catalog.API\Catalog.API.csproj", "{64EE20FC-0040-42A3-9D9A-C125CB5849C6}"
EndProject
Global
	GlobalSection(SolutionConfigurationPlatforms) = preSolution
		Debug|Any CPU = Debug|Any CPU
		Release|Any CPU = Release|Any CPU
	EndGlobalSection
	GlobalSection(SolutionProperties) = preSolution
		HideSolutionNode = FALSE
	EndGlobalSection
	GlobalSection(ProjectConfigurationPlatforms) = postSolution
		{64EE20FC-0040-42A3-9D9A-C125CB5849C6}.Debug|Any CPU.ActiveCfg = Debug|Any CPU
		{64EE20FC-0040-42A3-9D9A-C125CB5849C6}.Debug|Any CPU.Build.0 = Debug|Any CPU
		{64EE20FC-0040-42A3-9D9A-C125CB5849C6}.Release|Any CPU.ActiveCfg = Release|Any CPU
		{64EE20FC-0040-42A3-9D9A-C125CB5849C6}.Release|Any CPU.Build.0 = Release|Any CPU
	EndGlobalSection
	GlobalSection(NestedProjects) = preSolution
		{FDA4E26E-23F2-4D5E-B403-3954DAD82417} = {B805254A-EEAB-46D0-802F-005B5ED6A776}
		{64EE20FC-0040-42A3-9D9A-C125CB5849C6} = {FDA4E26E-23F2-4D5E-B403-3954DAD82417}
	EndGlobalSection
EndGlobal
